{
  "nodes": {
    "nixpkgs": {
      "locked": {
        "lastModified": 1727764803,
        "narHash": "sha256-N3ci0cS69/wBcbsFd3kqjdkVRW6ZjLHRjF3Ez6UGmtI=",
        "owner": "NixOS",
        "repo": "nixpkgs",
        "rev": "bafb19f793583d8b9bc5e21017211d9a897ba940",
        "type": "github"
      },
      "original": {
        "owner": "NixOS",
        "repo": "nixpkgs",
        "type": "github"
      }
    },
    "root": {
      "inputs": {
        "nixpkgs": "nixpkgs"
      }
    }
  },
  "root": "root",
  "version": 7
}
