{
  "nodes": {
    "nixpkgs": {
      "locked": {
        "lastModified": 1770910524,
        "narHash": "sha256-ND60xbT6WtWZkfTwSr2qaMPvMQNsreMm30yE/e0u7lM=",
        "owner": "NixOS",
        "repo": "nixpkgs",
        "rev": "5799d13c229925f3792fe5465438a01d57abbe1a",
        "type": "github"
      },
      "original": {
        "owner": "NixOS",
        "repo": "nixpkgs",
        "type": "github"
      }
    },
    "root": {
      "inputs": {
        "nixpkgs": "nixpkgs"
      }
    }
  },
  "root": "root",
  "version": 7
}
