{
  "nodes": {
    "nixpkgs": {
      "locked": {
        "lastModified": 1717404434,
        "narHash": "sha256-RuotHcX1IBKM/8x0V8jUpHWjVfowZRH3xU+zrusGBPI=",
        "owner": "NixOS",
        "repo": "nixpkgs",
        "rev": "21cc0e05c6e07685cc73b6e4415dbe2568ceaf7c",
        "type": "github"
      },
      "original": {
        "owner": "NixOS",
        "repo": "nixpkgs",
        "type": "github"
      }
    },
    "root": {
      "inputs": {
        "nixpkgs": "nixpkgs"
      }
    }
  },
  "root": "root",
  "version": 7
}
